<?xml version="1.0" encoding="utf-8"?>
<Project ToolsVersion="4.0" xmlns="http://schemas.microsoft.com/developer/msbuild/2003">
  <ItemGroup>
    <Filter Include="Source Files">
      <UniqueIdentifier>{4FC737F1-C7A5-4376-A066-2A32D752A2FF}</UniqueIdentifier>
      <Extensions>cpp;c;cc;cxx;c++;cppm;ixx;def;odl;idl;hpj;bat;asm;asmx</Extensions>
    </Filter>
    <Filter Include="Source Files\Window">
      <UniqueIdentifier>{7175030a-b62d-4474-a41d-8eaae1c03581}</UniqueIdentifier>
    </Filter>
    <Filter Include="Source Files\Exceptions">
      <UniqueIdentifier>{73cd28e7-f085-4a16-9900-f6b8008a8ec0}</UniqueIdentifier>
    </Filter>
    <Filter Include="Source Files\Simulation">
      <UniqueIdentifier>{411419ef-e033-49f0-bf6b-f189646eb548}</UniqueIdentifier>
    </Filter>
    <Filter Include="Source Files\Rendering">
      <UniqueIdentifier>{2a3a7dd1-811c-414d-bf7e-3d5bca94b505}</UniqueIdentifier>
    </Filter>
    <Filter Include="Source Files\UI">
      <UniqueIdentifier>{302fc0ee-bb6f-4158-9e7a-482936ed4722}</UniqueIdentifier>
    </Filter>
    <Filter Include="Source Files\UI\3DScene">
      <UniqueIdentifier>{8fc88dca-7285-4ce8-a960-5fa0fffbc8d7}</UniqueIdentifier>
    </Filter>
    <Filter Include="Source Files\UI\3DScene\Bindables">
      <UniqueIdentifier>{837d5cc0-902d-4b74-9ffe-167937cbb0f3}</UniqueIdentifier>
    </Filter>
    <Filter Include="Source Files\Shaders">
      <UniqueIdentifier>{223616b6-fe63-4fa6-96a8-f0d362cbac80}</UniqueIdentifier>
    </Filter>
    <Filter Include="Source Files\UI\3DScene\Bindables\Meshes">
      <UniqueIdentifier>{71df0a7e-c9eb-4c7d-8ac8-d0a0c2d05acc}</UniqueIdentifier>
    </Filter>
    <Filter Include="Source Files\UI\3DScene\Drawables">
      <UniqueIdentifier>{c172e355-7f8d-4fa4-94a3-403b82b71f13}</UniqueIdentifier>
    </Filter>
    <Filter Include="Source Files\Window\Input">
      <UniqueIdentifier>{7e40405b-cf7b-4a17-a474-d9e4239580a0}</UniqueIdentifier>
    </Filter>
    <Filter Include="Source Files\UI\ImGuiSource">
      <UniqueIdentifier>{b41cfb27-9c80-4e0d-b8a9-1ef409891e8a}</UniqueIdentifier>
    </Filter>
  </ItemGroup>
  <ItemGroup>
    <ClCompile Include="WinMain.cpp">
      <Filter>Source Files</Filter>
    </ClCompile>
    <ClCompile Include="pch.cpp">
      <Filter>Source Files</Filter>
    </ClCompile>
    <ClCompile Include="App.cpp">
      <Filter>Source Files</Filter>
    </ClCompile>
    <ClCompile Include="AppWindow.cpp">
      <Filter>Source Files\Window</Filter>
    </ClCompile>
    <ClCompile Include="BaseException.cpp">
      <Filter>Source Files\Exceptions</Filter>
    </ClCompile>
    <ClCompile Include="WindowException.cpp">
      <Filter>Source Files\Exceptions</Filter>
    </ClCompile>
    <ClCompile Include="WindowsMessageMap.cpp">
      <Filter>Source Files\Window</Filter>
    </ClCompile>
    <ClCompile Include="SimulationManager.cpp">
      <Filter>Source Files\Simulation</Filter>
    </ClCompile>
    <ClCompile Include="Simulation.cpp">
      <Filter>Source Files\Simulation</Filter>
    </ClCompile>
    <ClCompile Include="DeviceResources.cpp">
      <Filter>Source Files\Rendering</Filter>
    </ClCompile>
    <ClCompile Include="DeviceResourcesException.cpp">
      <Filter>Source Files\Exceptions</Filter>
    </ClCompile>
    <ClCompile Include="DxgiInfoManager.cpp">
      <Filter>Source Files\Exceptions</Filter>
    </ClCompile>
    <ClCompile Include="Renderer.cpp">
      <Filter>Source Files\UI\3DScene</Filter>
    </ClCompile>
    <ClCompile Include="MoveLookController.cpp">
      <Filter>Source Files\UI\3DScene</Filter>
    </ClCompile>
    <ClCompile Include="ConstantBufferArray.cpp">
      <Filter>Source Files\UI\3DScene\Bindables</Filter>
    </ClCompile>
    <ClCompile Include="DepthStencilState.cpp">
      <Filter>Source Files\UI\3DScene\Bindables</Filter>
    </ClCompile>
    <ClCompile Include="InputLayout.cpp">
      <Filter>Source Files\UI\3DScene\Bindables</Filter>
    </ClCompile>
    <ClCompile Include="PixelShader.cpp">
      <Filter>Source Files\UI\3DScene\Bindables</Filter>
    </ClCompile>
    <ClCompile Include="RasterizerState.cpp">
      <Filter>Source Files\UI\3DScene\Bindables</Filter>
    </ClCompile>
    <ClCompile Include="SamplerState.cpp">
      <Filter>Source Files\UI\3DScene\Bindables</Filter>
    </ClCompile>
    <ClCompile Include="SamplerStateArray.cpp">
      <Filter>Source Files\UI\3DScene\Bindables</Filter>
    </ClCompile>
    <ClCompile Include="Texture.cpp">
      <Filter>Source Files\UI\3DScene\Bindables</Filter>
    </ClCompile>
    <ClCompile Include="TextureArray.cpp">
      <Filter>Source Files\UI\3DScene\Bindables</Filter>
    </ClCompile>
    <ClCompile Include="VertexShader.cpp">
      <Filter>Source Files\UI\3DScene\Bindables</Filter>
    </ClCompile>
    <ClCompile Include="Mesh.cpp">
      <Filter>Source Files\UI\3DScene\Bindables\Meshes</Filter>
    </ClCompile>
    <ClCompile Include="SphereMesh.cpp">
      <Filter>Source Files\UI\3DScene\Bindables\Meshes</Filter>
    </ClCompile>
    <ClCompile Include="Drawable.cpp">
      <Filter>Source Files\UI\3DScene\Drawables</Filter>
    </ClCompile>
    <ClCompile Include="Sphere.cpp">
      <Filter>Source Files\UI\3DScene\Drawables</Filter>
    </ClCompile>
    <ClCompile Include="StepTimerException.cpp">
      <Filter>Source Files\Exceptions</Filter>
    </ClCompile>
    <ClCompile Include="InputLayoutException.cpp">
      <Filter>Source Files\Exceptions</Filter>
    </ClCompile>
    <ClCompile Include="Lighting.cpp">
      <Filter>Source Files\UI\3DScene\Bindables</Filter>
    </ClCompile>
    <ClCompile Include="EyePositionBufferArray.cpp">
      <Filter>Source Files\UI\3DScene\Bindables</Filter>
    </ClCompile>
    <ClCompile Include="MaterialBufferArray.cpp">
      <Filter>Source Files\UI\3DScene\Bindables</Filter>
    </ClCompile>
    <ClCompile Include="BoxMesh.cpp">
      <Filter>Source Files\UI\3DScene\Bindables\Meshes</Filter>
    </ClCompile>
    <ClCompile Include="Box.cpp">
      <Filter>Source Files\UI\3DScene\Drawables</Filter>
    </ClCompile>
    <ClCompile Include="Mouse.cpp">
      <Filter>Source Files\Window\Input</Filter>
    </ClCompile>
    <ClCompile Include="Keyboard.cpp">
      <Filter>Source Files\Window\Input</Filter>
    </ClCompile>
    <ClCompile Include="imgui.cpp">
      <Filter>Source Files\UI\ImGuiSource</Filter>
    </ClCompile>
    <ClCompile Include="imgui_demo.cpp">
      <Filter>Source Files\UI\ImGuiSource</Filter>
    </ClCompile>
    <ClCompile Include="imgui_draw.cpp">
      <Filter>Source Files\UI\ImGuiSource</Filter>
    </ClCompile>
    <ClCompile Include="imgui_impl_dx11.cpp">
      <Filter>Source Files\UI\ImGuiSource</Filter>
    </ClCompile>
    <ClCompile Include="imgui_impl_win32.cpp">
      <Filter>Source Files\UI\ImGuiSource</Filter>
    </ClCompile>
    <ClCompile Include="imgui_tables.cpp">
      <Filter>Source Files\UI\ImGuiSource</Filter>
    </ClCompile>
    <ClCompile Include="imgui_widgets.cpp">
      <Filter>Source Files\UI\ImGuiSource</Filter>
    </ClCompile>
    <ClCompile Include="UI.cpp">
      <Filter>Source Files\UI</Filter>
    </ClCompile>
  </ItemGroup>
  <ItemGroup>
    <ClInclude Include="pch.h">
      <Filter>Source Files</Filter>
    </ClInclude>
    <ClInclude Include="App.h">
      <Filter>Source Files</Filter>
    </ClInclude>
    <ClInclude Include="AppWindow.h">
      <Filter>Source Files\Window</Filter>
    </ClInclude>
    <ClInclude Include="AppWindowTemplate.h">
      <Filter>Source Files\Window</Filter>
    </ClInclude>
    <ClInclude Include="BaseException.h">
      <Filter>Source Files\Exceptions</Filter>
    </ClInclude>
    <ClInclude Include="WindowException.h">
      <Filter>Source Files\Exceptions</Filter>
    </ClInclude>
    <ClInclude Include="WindowsMessageMap.h">
      <Filter>Source Files\Window</Filter>
    </ClInclude>
    <ClInclude Include="SimulationManager.h">
      <Filter>Source Files\Simulation</Filter>
    </ClInclude>
    <ClInclude Include="Simulation.h">
      <Filter>Source Files\Simulation</Filter>
    </ClInclude>
    <ClInclude Include="DeviceResources.h">
      <Filter>Source Files\Rendering</Filter>
    </ClInclude>
    <ClInclude Include="DeviceResourcesException.h">
      <Filter>Source Files\Exceptions</Filter>
    </ClInclude>
    <ClInclude Include="DxgiInfoManager.h">
      <Filter>Source Files\Exceptions</Filter>
    </ClInclude>
    <ClInclude Include="DirectXHelper.h">
      <Filter>Source Files\Rendering</Filter>
    </ClInclude>
    <ClInclude Include="Renderer.h">
      <Filter>Source Files\UI\3DScene</Filter>
    </ClInclude>
    <ClInclude Include="MoveLookController.h">
      <Filter>Source Files\UI\3DScene</Filter>
    </ClInclude>
    <ClInclude Include="Bindable.h">
      <Filter>Source Files\UI\3DScene\Bindables</Filter>
    </ClInclude>
    <ClInclude Include="ConstantBuffer.h">
      <Filter>Source Files\UI\3DScene\Bindables</Filter>
    </ClInclude>
    <ClInclude Include="ConstantBufferArray.h">
      <Filter>Source Files\UI\3DScene\Bindables</Filter>
    </ClInclude>
    <ClInclude Include="HLSLStructures.h">
      <Filter>Source Files\UI\3DScene</Filter>
    </ClInclude>
    <ClInclude Include="DepthStencilState.h">
      <Filter>Source Files\UI\3DScene\Bindables</Filter>
    </ClInclude>
    <ClInclude Include="InputLayout.h">
      <Filter>Source Files\UI\3DScene\Bindables</Filter>
    </ClInclude>
    <ClInclude Include="PixelShader.h">
      <Filter>Source Files\UI\3DScene\Bindables</Filter>
    </ClInclude>
    <ClInclude Include="RasterizerState.h">
      <Filter>Source Files\UI\3DScene\Bindables</Filter>
    </ClInclude>
    <ClInclude Include="SamplerState.h">
      <Filter>Source Files\UI\3DScene\Bindables</Filter>
    </ClInclude>
    <ClInclude Include="SamplerStateArray.h">
      <Filter>Source Files\UI\3DScene\Bindables</Filter>
    </ClInclude>
    <ClInclude Include="Texture.h">
      <Filter>Source Files\UI\3DScene\Bindables</Filter>
    </ClInclude>
    <ClInclude Include="TextureArray.h">
      <Filter>Source Files\UI\3DScene\Bindables</Filter>
    </ClInclude>
    <ClInclude Include="VertexShader.h">
      <Filter>Source Files\UI\3DScene\Bindables</Filter>
    </ClInclude>
    <ClInclude Include="Mesh.h">
      <Filter>Source Files\UI\3DScene\Bindables\Meshes</Filter>
    </ClInclude>
    <ClInclude Include="SphereMesh.h">
      <Filter>Source Files\UI\3DScene\Bindables\Meshes</Filter>
    </ClInclude>
    <ClInclude Include="Drawable.h">
      <Filter>Source Files\UI\3DScene\Drawables</Filter>
    </ClInclude>
    <ClInclude Include="Sphere.h">
      <Filter>Source Files\UI\3DScene\Drawables</Filter>
    </ClInclude>
    <ClInclude Include="StepTimer.h">
      <Filter>Source Files\Simulation</Filter>
    </ClInclude>
    <ClInclude Include="StepTimerException.h">
      <Filter>Source Files\Exceptions</Filter>
    </ClInclude>
    <ClInclude Include="InputLayoutException.h">
      <Filter>Source Files\Exceptions</Filter>
    </ClInclude>
    <ClInclude Include="BasicGeometry.h">
      <Filter>Source Files\UI\3DScene\Drawables</Filter>
    </ClInclude>
    <ClInclude Include="Lighting.h">
      <Filter>Source Files\UI\3DScene\Bindables</Filter>
    </ClInclude>
    <ClInclude Include="EyePositionBufferArray.h">
      <Filter>Source Files\UI\3DScene\Bindables</Filter>
    </ClInclude>
    <ClInclude Include="PhysicsConstants.h">
      <Filter>Source Files\Simulation</Filter>
    </ClInclude>
    <ClInclude Include="MaterialBufferArray.h">
      <Filter>Source Files\UI\3DScene\Bindables</Filter>
    </ClInclude>
    <ClInclude Include="BoxMesh.h">
      <Filter>Source Files\UI\3DScene\Bindables\Meshes</Filter>
    </ClInclude>
    <ClInclude Include="Box.h">
      <Filter>Source Files\UI\3DScene\Drawables</Filter>
    </ClInclude>
    <ClInclude Include="Mouse.h">
      <Filter>Source Files\Window\Input</Filter>
    </ClInclude>
    <ClInclude Include="Keyboard.h">
      <Filter>Source Files\Window\Input</Filter>
    </ClInclude>
    <ClInclude Include="imconfig.h">
      <Filter>Source Files\UI\ImGuiSource</Filter>
    </ClInclude>
    <ClInclude Include="imgui.h">
      <Filter>Source Files\UI\ImGuiSource</Filter>
    </ClInclude>
    <ClInclude Include="imgui_impl_dx11.h">
      <Filter>Source Files\UI\ImGuiSource</Filter>
    </ClInclude>
    <ClInclude Include="imgui_impl_win32.h">
      <Filter>Source Files\UI\ImGuiSource</Filter>
    </ClInclude>
    <ClInclude Include="imgui_internal.h">
      <Filter>Source Files\UI\ImGuiSource</Filter>
    </ClInclude>
    <ClInclude Include="imstb_rectpack.h">
      <Filter>Source Files\UI\ImGuiSource</Filter>
    </ClInclude>
    <ClInclude Include="imstb_textedit.h">
      <Filter>Source Files\UI\ImGuiSource</Filter>
    </ClInclude>
    <ClInclude Include="imstb_truetype.h">
      <Filter>Source Files\UI\ImGuiSource</Filter>
    </ClInclude>
    <ClInclude Include="UI.h">
      <Filter>Source Files\UI</Filter>
    </ClInclude>
  </ItemGroup>
  <ItemGroup>
    <FxCompile Include="SolidVS.hlsl">
      <Filter>Source Files\Shaders</Filter>
    </FxCompile>
    <FxCompile Include="SolidPS.hlsl">
      <Filter>Source Files\Shaders</Filter>
    </FxCompile>
    <FxCompile Include="PhongVS.hlsl">
      <Filter>Source Files\Shaders</Filter>
    </FxCompile>
    <FxCompile Include="PhongPS.hlsl">
      <Filter>Source Files\Shaders</Filter>
    </FxCompile>
    <FxCompile Include="PhongInstancedVS.hlsl">
      <Filter>Source Files\Shaders</Filter>
    </FxCompile>
    <FxCompile Include="PhongInstancedPS.hlsl">
      <Filter>Source Files\Shaders</Filter>
    </FxCompile>
  </ItemGroup>
  <ItemGroup>
    <Natvis Include="imgui.natvis">
      <Filter>Source Files\UI\ImGuiSource</Filter>
    </Natvis>
  </ItemGroup>
</Project>